
Microsoft Visual Studio Solution File, Format Version 12.00
# Visual Studio 15
VisualStudioVersion = 15.0.26412.1
MinimumVisualStudioVersion = 10.0.40219.1
Project("{2150E333-8FDC-42A3-9474-1A3956D46DE8}") = "src", "src", "{C65B2136-1245-4F2D-950F-55187D51FEC0}"
EndProject
Project("{2150E333-8FDC-42A3-9474-1A3956D46DE8}") = "Solution Items", "Solution Items", "{A4ECEBC3-81BD-4BE4-80E7-D4011B729DA2}"
	ProjectSection(SolutionItems) = preProject
		build.ps1 = build.ps1
		NuGet.Config = NuGet.Config
		README.md = README.md
	EndProjectSection
EndProject
Project("{2150E333-8FDC-42A3-9474-1A3956D46DE8}") = "build", "build", "{7E2820A3-7AFB-4919-8E8F-5CE24F387D91}"
EndProject
Project("{2150E333-8FDC-42A3-9474-1A3956D46DE8}") = "test", "test", "{85894F5E-EBB5-4CCD-B29A-3228D41313C8}"
EndProject
Project("{9A19103F-16F7-4668-BE54-9A1E7A4F7556}") = "Knapcode.NuGetTools.Website", "src\Knapcode.NuGetTools.Website\Knapcode.NuGetTools.Website.csproj", "{37DA2902-5DC6-4F7C-A7FC-751A6FB83D33}"
EndProject
Project("{9A19103F-16F7-4668-BE54-9A1E7A4F7556}") = "Knapcode.NuGetTools.Build", "build\Knapcode.NuGetTools.Build\Knapcode.NuGetTools.Build.csproj", "{BEC5DA9F-3E3D-48A3-8DFF-D191AB1F815B}"
EndProject
Project("{9A19103F-16F7-4668-BE54-9A1E7A4F7556}") = "Knapcode.NuGetTools.Website.Test", "test\Knapcode.NuGetTools.Website.Test\Knapcode.NuGetTools.Website.Test.csproj", "{076637CD-353D-484D-92C7-C36492F262A2}"
EndProject
Project("{9A19103F-16F7-4668-BE54-9A1E7A4F7556}") = "Knapcode.NuGetTools.Logic", "src\Knapcode.NuGetTools.Logic\Knapcode.NuGetTools.Logic.csproj", "{A2B1EA5C-DA79-4894-BCB6-11FDBA2CD610}"
EndProject
Project("{9A19103F-16F7-4668-BE54-9A1E7A4F7556}") = "Knapcode.NuGetTools.Sandbox", "src\Knapcode.NuGetTools.Sandbox\Knapcode.NuGetTools.Sandbox.csproj", "{07C73F45-3DF8-428F-AC91-58654E18BA24}"
EndProject
Project("{9A19103F-16F7-4668-BE54-9A1E7A4F7556}") = "Knapcode.NuGetTools.Logic.Direct", "src\Knapcode.NuGetTools.Logic.Direct\Knapcode.NuGetTools.Logic.Direct.csproj", "{D7F487E6-9A50-4F7B-A6AE-E323408136F4}"
EndProject
Project("{9A19103F-16F7-4668-BE54-9A1E7A4F7556}") = "Knapcode.NuGetTools.PackageDownloader", "src\Knapcode.NuGetTools.PackageDownloader\Knapcode.NuGetTools.PackageDownloader.csproj", "{2EE6D448-3E19-432C-A25B-E21474D8D8E3}"
EndProject
Global
	GlobalSection(SolutionConfigurationPlatforms) = preSolution
		Debug|Any CPU = Debug|Any CPU
		Debug|x64 = Debug|x64
		Release|Any CPU = Release|Any CPU
		Release|x64 = Release|x64
	EndGlobalSection
	GlobalSection(ProjectConfigurationPlatforms) = postSolution
		{37DA2902-5DC6-4F7C-A7FC-751A6FB83D33}.Debug|Any CPU.ActiveCfg = Debug|Any CPU
		{37DA2902-5DC6-4F7C-A7FC-751A6FB83D33}.Debug|Any CPU.Build.0 = Debug|Any CPU
		{37DA2902-5DC6-4F7C-A7FC-751A6FB83D33}.Debug|x64.ActiveCfg = Debug|Any CPU
		{37DA2902-5DC6-4F7C-A7FC-751A6FB83D33}.Debug|x64.Build.0 = Debug|Any CPU
		{37DA2902-5DC6-4F7C-A7FC-751A6FB83D33}.Release|Any CPU.ActiveCfg = Release|Any CPU
		{37DA2902-5DC6-4F7C-A7FC-751A6FB83D33}.Release|Any CPU.Build.0 = Release|Any CPU
		{37DA2902-5DC6-4F7C-A7FC-751A6FB83D33}.Release|x64.ActiveCfg = Release|Any CPU
		{37DA2902-5DC6-4F7C-A7FC-751A6FB83D33}.Release|x64.Build.0 = Release|Any CPU
		{BEC5DA9F-3E3D-48A3-8DFF-D191AB1F815B}.Debug|Any CPU.ActiveCfg = Debug|Any CPU
		{BEC5DA9F-3E3D-48A3-8DFF-D191AB1F815B}.Debug|Any CPU.Build.0 = Debug|Any CPU
		{BEC5DA9F-3E3D-48A3-8DFF-D191AB1F815B}.Debug|x64.ActiveCfg = Debug|Any CPU
		{BEC5DA9F-3E3D-48A3-8DFF-D191AB1F815B}.Debug|x64.Build.0 = Debug|Any CPU
		{BEC5DA9F-3E3D-48A3-8DFF-D191AB1F815B}.Release|Any CPU.ActiveCfg = Release|Any CPU
		{BEC5DA9F-3E3D-48A3-8DFF-D191AB1F815B}.Release|Any CPU.Build.0 = Release|Any CPU
		{BEC5DA9F-3E3D-48A3-8DFF-D191AB1F815B}.Release|x64.ActiveCfg = Release|Any CPU
		{BEC5DA9F-3E3D-48A3-8DFF-D191AB1F815B}.Release|x64.Build.0 = Release|Any CPU
		{076637CD-353D-484D-92C7-C36492F262A2}.Debug|Any CPU.ActiveCfg = Debug|Any CPU
		{076637CD-353D-484D-92C7-C36492F262A2}.Debug|Any CPU.Build.0 = Debug|Any CPU
		{076637CD-353D-484D-92C7-C36492F262A2}.Debug|x64.ActiveCfg = Debug|Any CPU
		{076637CD-353D-484D-92C7-C36492F262A2}.Debug|x64.Build.0 = Debug|Any CPU
		{076637CD-353D-484D-92C7-C36492F262A2}.Release|Any CPU.ActiveCfg = Release|Any CPU
		{076637CD-353D-484D-92C7-C36492F262A2}.Release|Any CPU.Build.0 = Release|Any CPU
		{076637CD-353D-484D-92C7-C36492F262A2}.Release|x64.ActiveCfg = Release|Any CPU
		{076637CD-353D-484D-92C7-C36492F262A2}.Release|x64.Build.0 = Release|Any CPU
		{A2B1EA5C-DA79-4894-BCB6-11FDBA2CD610}.Debug|Any CPU.ActiveCfg = Debug|Any CPU
		{A2B1EA5C-DA79-4894-BCB6-11FDBA2CD610}.Debug|Any CPU.Build.0 = Debug|Any CPU
		{A2B1EA5C-DA79-4894-BCB6-11FDBA2CD610}.Debug|x64.ActiveCfg = Debug|Any CPU
		{A2B1EA5C-DA79-4894-BCB6-11FDBA2CD610}.Debug|x64.Build.0 = Debug|Any CPU
		{A2B1EA5C-DA79-4894-BCB6-11FDBA2CD610}.Release|Any CPU.ActiveCfg = Release|Any CPU
		{A2B1EA5C-DA79-4894-BCB6-11FDBA2CD610}.Release|Any CPU.Build.0 = Release|Any CPU
		{A2B1EA5C-DA79-4894-BCB6-11FDBA2CD610}.Release|x64.ActiveCfg = Release|Any CPU
		{A2B1EA5C-DA79-4894-BCB6-11FDBA2CD610}.Release|x64.Build.0 = Release|Any CPU
		{07C73F45-3DF8-428F-AC91-58654E18BA24}.Debug|Any CPU.ActiveCfg = Debug|Any CPU
		{07C73F45-3DF8-428F-AC91-58654E18BA24}.Debug|Any CPU.Build.0 = Debug|Any CPU
		{07C73F45-3DF8-428F-AC91-58654E18BA24}.Debug|x64.ActiveCfg = Debug|Any CPU
		{07C73F45-3DF8-428F-AC91-58654E18BA24}.Debug|x64.Build.0 = Debug|Any CPU
		{07C73F45-3DF8-428F-AC91-58654E18BA24}.Release|Any CPU.ActiveCfg = Release|Any CPU
		{07C73F45-3DF8-428F-AC91-58654E18BA24}.Release|Any CPU.Build.0 = Release|Any CPU
		{07C73F45-3DF8-428F-AC91-58654E18BA24}.Release|x64.ActiveCfg = Release|Any CPU
		{07C73F45-3DF8-428F-AC91-58654E18BA24}.Release|x64.Build.0 = Release|Any CPU
		{D7F487E6-9A50-4F7B-A6AE-E323408136F4}.Debug|Any CPU.ActiveCfg = Debug|Any CPU
		{D7F487E6-9A50-4F7B-A6AE-E323408136F4}.Debug|Any CPU.Build.0 = Debug|Any CPU
		{D7F487E6-9A50-4F7B-A6AE-E323408136F4}.Debug|x64.ActiveCfg = Debug|Any CPU
		{D7F487E6-9A50-4F7B-A6AE-E323408136F4}.Debug|x64.Build.0 = Debug|Any CPU
		{D7F487E6-9A50-4F7B-A6AE-E323408136F4}.Release|Any CPU.ActiveCfg = Release|Any CPU
		{D7F487E6-9A50-4F7B-A6AE-E323408136F4}.Release|Any CPU.Build.0 = Release|Any CPU
		{D7F487E6-9A50-4F7B-A6AE-E323408136F4}.Release|x64.ActiveCfg = Release|Any CPU
		{D7F487E6-9A50-4F7B-A6AE-E323408136F4}.Release|x64.Build.0 = Release|Any CPU
		{2EE6D448-3E19-432C-A25B-E21474D8D8E3}.Debug|Any CPU.ActiveCfg = Debug|Any CPU
		{2EE6D448-3E19-432C-A25B-E21474D8D8E3}.Debug|Any CPU.Build.0 = Debug|Any CPU
		{2EE6D448-3E19-432C-A25B-E21474D8D8E3}.Debug|x64.ActiveCfg = Debug|Any CPU
		{2EE6D448-3E19-432C-A25B-E21474D8D8E3}.Debug|x64.Build.0 = Debug|Any CPU
		{2EE6D448-3E19-432C-A25B-E21474D8D8E3}.Release|Any CPU.ActiveCfg = Release|Any CPU
		{2EE6D448-3E19-432C-A25B-E21474D8D8E3}.Release|Any CPU.Build.0 = Release|Any CPU
		{2EE6D448-3E19-432C-A25B-E21474D8D8E3}.Release|x64.ActiveCfg = Release|Any CPU
		{2EE6D448-3E19-432C-A25B-E21474D8D8E3}.Release|x64.Build.0 = Release|Any CPU
	EndGlobalSection
	GlobalSection(SolutionProperties) = preSolution
		HideSolutionNode = FALSE
	EndGlobalSection
	GlobalSection(NestedProjects) = preSolution
		{37DA2902-5DC6-4F7C-A7FC-751A6FB83D33} = {C65B2136-1245-4F2D-950F-55187D51FEC0}
		{BEC5DA9F-3E3D-48A3-8DFF-D191AB1F815B} = {7E2820A3-7AFB-4919-8E8F-5CE24F387D91}
		{076637CD-353D-484D-92C7-C36492F262A2} = {85894F5E-EBB5-4CCD-B29A-3228D41313C8}
		{A2B1EA5C-DA79-4894-BCB6-11FDBA2CD610} = {C65B2136-1245-4F2D-950F-55187D51FEC0}
		{07C73F45-3DF8-428F-AC91-58654E18BA24} = {C65B2136-1245-4F2D-950F-55187D51FEC0}
		{D7F487E6-9A50-4F7B-A6AE-E323408136F4} = {C65B2136-1245-4F2D-950F-55187D51FEC0}
		{2EE6D448-3E19-432C-A25B-E21474D8D8E3} = {C65B2136-1245-4F2D-950F-55187D51FEC0}
	EndGlobalSection
EndGlobal
